
Microsoft Visual Studio Solution File, Format Version 12.00
# Visual Studio Version 17
VisualStudioVersion = 17.2.32602.215
MinimumVisualStudioVersion = 10.0.40219.1
Project("{FAE04EC0-301F-11D3-BF4B-00C04F79EFBC}") = "FinalTask", "FinalTask.csproj", "{15816613-364D-47A5-9FC6-D1B4FE344A8D}"
EndProject
Global
	GlobalSection(SolutionConfigurationPlatforms) = preSolution
		Debug|Any CPU = Debug|Any CPU
		Release|Any CPU = Release|Any CPU
	EndGlobalSection
	GlobalSection(ProjectConfigurationPlatforms) = postSolution
		{15816613-364D-47A5-9FC6-D1B4FE344A8D}.Debug|Any CPU.ActiveCfg = Debug|Any CPU
		{15816613-364D-47A5-9FC6-D1B4FE344A8D}.Debug|Any CPU.Build.0 = Debug|Any CPU
		{15816613-364D-47A5-9FC6-D1B4FE344A8D}.Release|Any CPU.ActiveCfg = Release|Any CPU
		{15816613-364D-47A5-9FC6-D1B4FE344A8D}.Release|Any CPU.Build.0 = Release|Any CPU
	EndGlobalSection
	GlobalSection(SolutionProperties) = preSolution
		HideSolutionNode = FALSE
	EndGlobalSection
	GlobalSection(ExtensibilityGlobals) = postSolution
		SolutionGuid = {16358C59-B39F-432E-80EA-F8DA7EB9B5BF}
	EndGlobalSection
EndGlobal
